
Microsoft Visual Studio Solution File, Format Version 12.00
# Visual Studio Version 16
VisualStudioVersion = 16.0.30907.101
MinimumVisualStudioVersion = 10.0.40219.1
Project("{FAE04EC0-301F-11D3-BF4B-00C04F79EFBC}") = "Arreglos_3", "Arreglos_3\Arreglos_3.csproj", "{E8FA2E5D-32C9-4240-80CC-4EF0E2E4B2C9}"
EndProject
Global
	GlobalSection(SolutionConfigurationPlatforms) = preSolution
		Debug|Any CPU = Debug|Any CPU
		Release|Any CPU = Release|Any CPU
	EndGlobalSection
	GlobalSection(ProjectConfigurationPlatforms) = postSolution
		{E8FA2E5D-32C9-4240-80CC-4EF0E2E4B2C9}.Debug|Any CPU.ActiveCfg = Debug|Any CPU
		{E8FA2E5D-32C9-4240-80CC-4EF0E2E4B2C9}.Debug|Any CPU.Build.0 = Debug|Any CPU
		{E8FA2E5D-32C9-4240-80CC-4EF0E2E4B2C9}.Release|Any CPU.ActiveCfg = Release|Any CPU
		{E8FA2E5D-32C9-4240-80CC-4EF0E2E4B2C9}.Release|Any CPU.Build.0 = Release|Any CPU
	EndGlobalSection
	GlobalSection(SolutionProperties) = preSolution
		HideSolutionNode = FALSE
	EndGlobalSection
	GlobalSection(ExtensibilityGlobals) = postSolution
		SolutionGuid = {D087BCC9-A540-4716-9054-8460D8EF28A1}
	EndGlobalSection
EndGlobal
